
Microsoft Visual Studio Solution File, Format Version 12.00
# Visual Studio Version 17
VisualStudioVersion = 17.11.35222.181
MinimumVisualStudioVersion = 10.0.40219.1
Project("{9A19103F-16F7-4668-BE54-9A1E7A4F7556}") = "Demo.DL", "Demo.DL\Demo.DL.csproj", "{F5F368CD-DDF4-4A6B-8D94-942D2AFDE53E}"
EndProject
Project("{9A19103F-16F7-4668-BE54-9A1E7A4F7556}") = "Demo.Test", "Demo.Test\Demo.Test.csproj", "{038267A3-E510-4E14-AB7C-F9D12F2A1D1A}"
EndProject
Project("{9A19103F-16F7-4668-BE54-9A1E7A4F7556}") = "Demo.DLNew", "Demo.DLNew\Demo.DLNew.csproj", "{8813F526-7990-4F70-9755-17021B311922}"
EndProject
Project("{2150E333-8FDC-42A3-9474-1A3956D46DE8}") = "SolutionItem", "SolutionItem", "{1FD7744A-D7AC-4489-8308-4151C35C69E1}"
	ProjectSection(SolutionItems) = preProject
		..\postgresql.sql = ..\postgresql.sql
		..\README.md = ..\README.md
	EndProjectSection
EndProject
Project("{FAE04EC0-301F-11D3-BF4B-00C04F79EFBC}") = "Demo.TestNew", "Demo.TestNew\Demo.TestNew.csproj", "{BA46211E-2EF5-4962-9A78-B98C58AE2997}"
EndProject
Global
	GlobalSection(SolutionConfigurationPlatforms) = preSolution
		Debug|Any CPU = Debug|Any CPU
		Release|Any CPU = Release|Any CPU
	EndGlobalSection
	GlobalSection(ProjectConfigurationPlatforms) = postSolution
		{F5F368CD-DDF4-4A6B-8D94-942D2AFDE53E}.Debug|Any CPU.ActiveCfg = Debug|Any CPU
		{F5F368CD-DDF4-4A6B-8D94-942D2AFDE53E}.Debug|Any CPU.Build.0 = Debug|Any CPU
		{F5F368CD-DDF4-4A6B-8D94-942D2AFDE53E}.Release|Any CPU.ActiveCfg = Release|Any CPU
		{F5F368CD-DDF4-4A6B-8D94-942D2AFDE53E}.Release|Any CPU.Build.0 = Release|Any CPU
		{038267A3-E510-4E14-AB7C-F9D12F2A1D1A}.Debug|Any CPU.ActiveCfg = Debug|Any CPU
		{038267A3-E510-4E14-AB7C-F9D12F2A1D1A}.Debug|Any CPU.Build.0 = Debug|Any CPU
		{038267A3-E510-4E14-AB7C-F9D12F2A1D1A}.Release|Any CPU.ActiveCfg = Release|Any CPU
		{038267A3-E510-4E14-AB7C-F9D12F2A1D1A}.Release|Any CPU.Build.0 = Release|Any CPU
		{8813F526-7990-4F70-9755-17021B311922}.Debug|Any CPU.ActiveCfg = Debug|Any CPU
		{8813F526-7990-4F70-9755-17021B311922}.Debug|Any CPU.Build.0 = Debug|Any CPU
		{8813F526-7990-4F70-9755-17021B311922}.Release|Any CPU.ActiveCfg = Release|Any CPU
		{8813F526-7990-4F70-9755-17021B311922}.Release|Any CPU.Build.0 = Release|Any CPU
		{BA46211E-2EF5-4962-9A78-B98C58AE2997}.Debug|Any CPU.ActiveCfg = Debug|Any CPU
		{BA46211E-2EF5-4962-9A78-B98C58AE2997}.Debug|Any CPU.Build.0 = Debug|Any CPU
		{BA46211E-2EF5-4962-9A78-B98C58AE2997}.Release|Any CPU.ActiveCfg = Release|Any CPU
		{BA46211E-2EF5-4962-9A78-B98C58AE2997}.Release|Any CPU.Build.0 = Release|Any CPU
	EndGlobalSection
	GlobalSection(SolutionProperties) = preSolution
		HideSolutionNode = FALSE
	EndGlobalSection
	GlobalSection(ExtensibilityGlobals) = postSolution
		SolutionGuid = {106A0907-E6D3-4FC6-98D8-220568A4AFF0}
	EndGlobalSection
EndGlobal
